
Microsoft Visual Studio Solution File, Format Version 12.00
# Visual Studio Version 16
VisualStudioVersion = 16.0.31729.503
MinimumVisualStudioVersion = 10.0.40219.1
Project("{FAE04EC0-301F-11D3-BF4B-00C04F79EFBC}") = "LearningEntityFramework", "LearningEntityFramework\LearningEntityFramework.csproj", "{01E38ABF-BB7B-4542-AD3F-5F738C76B8F3}"
EndProject
Global
	GlobalSection(SolutionConfigurationPlatforms) = preSolution
		Debug|Any CPU = Debug|Any CPU
		Release|Any CPU = Release|Any CPU
	EndGlobalSection
	GlobalSection(ProjectConfigurationPlatforms) = postSolution
		{01E38ABF-BB7B-4542-AD3F-5F738C76B8F3}.Debug|Any CPU.ActiveCfg = Debug|Any CPU
		{01E38ABF-BB7B-4542-AD3F-5F738C76B8F3}.Debug|Any CPU.Build.0 = Debug|Any CPU
		{01E38ABF-BB7B-4542-AD3F-5F738C76B8F3}.Release|Any CPU.ActiveCfg = Release|Any CPU
		{01E38ABF-BB7B-4542-AD3F-5F738C76B8F3}.Release|Any CPU.Build.0 = Release|Any CPU
	EndGlobalSection
	GlobalSection(SolutionProperties) = preSolution
		HideSolutionNode = FALSE
	EndGlobalSection
	GlobalSection(ExtensibilityGlobals) = postSolution
		SolutionGuid = {B22A481C-B3BB-49E3-B2D9-FFEF2D4597C6}
	EndGlobalSection
EndGlobal
